Microsoft Visual Studio Solution File, Format Version 11.00
# Visual Studio 2010
Project("{8BC9CEB8-8B4A-11D0-8D11-00A0C91BC942}") = "ALL_BUILD", "ALL_BUILD.vcxproj", "{E43F8BD0-EE03-4382-8F35-AA3AF223E370}"
	ProjectSection(ProjectDependencies) = postProject
		{E396DDF0-30F6-4151-AC5D-DFAD4647F4D9} = {E396DDF0-30F6-4151-AC5D-DFAD4647F4D9}
		{E84578B8-029C-435D-915E-5F8C2D1D516D} = {E84578B8-029C-435D-915E-5F8C2D1D516D}
		{48BA52F8-C166-4F1C-BEA4-66A49D600575} = {48BA52F8-C166-4F1C-BEA4-66A49D600575}
		{F2966E53-9ABA-40C9-AB9D-2BB86B5D5442} = {F2966E53-9ABA-40C9-AB9D-2BB86B5D5442}
		{A84A7DF2-2E45-4887-87AC-F81EE4919D43} = {A84A7DF2-2E45-4887-87AC-F81EE4919D43}
		{0D7AB2B7-0585-4044-BE6E-962F2F83E8D9} = {0D7AB2B7-0585-4044-BE6E-962F2F83E8D9}
		{AFF5C079-54AF-4651-B3BB-B941163134DC} = {AFF5C079-54AF-4651-B3BB-B941163134DC}
		{DB37E584-288E-4811-A362-773CB0FDAE09} = {DB37E584-288E-4811-A362-773CB0FDAE09}
		{B9395606-BEF8-4B90-A6CD-375624110FF3} = {B9395606-BEF8-4B90-A6CD-375624110FF3}
		{9F1AE77F-E446-4AE9-9C2C-2DF650D55241} = {9F1AE77F-E446-4AE9-9C2C-2DF650D55241}
		{7F834191-05A2-46F7-9E37-BC5A7FC8DF73} = {7F834191-05A2-46F7-9E37-BC5A7FC8DF73}
		{0444F9BA-C3EA-443F-A74E-1321C00B2EBA} = {0444F9BA-C3EA-443F-A74E-1321C00B2EBA}
		{E22E51E1-048E-4184-A7EB-8EA47D851C44} = {E22E51E1-048E-4184-A7EB-8EA47D851C44}
		{AC3D1B47-D4F8-41A2-9161-AE541665F979} = {AC3D1B47-D4F8-41A2-9161-AE541665F979}
		{9B8CC571-42F2-4125-8D98-A6AB358279A5} = {9B8CC571-42F2-4125-8D98-A6AB358279A5}
		{D36C21EF-39F9-4907-B625-1373F1CBEDF7} = {D36C21EF-39F9-4907-B625-1373F1CBEDF7}
		{0B722843-BDAD-465D-8552-4B7E1FC058E6} = {0B722843-BDAD-465D-8552-4B7E1FC058E6}
		{0B10EE9E-0F11-4137-9A0E-BBC25165E50E} = {0B10EE9E-0F11-4137-9A0E-BBC25165E50E}
		{71690F34-67BB-4DE7-8456-04E68349CB3B} = {71690F34-67BB-4DE7-8456-04E68349CB3B}
		{76ACF529-EA7D-4B80-B7C9-39E284CA91A5} = {76ACF529-EA7D-4B80-B7C9-39E284CA91A5}
		{ED186A30-F0CB-4786-BD51-7F3FDA18A2D4} = {ED186A30-F0CB-4786-BD51-7F3FDA18A2D4}
		{0B95F9C5-4F8B-44EB-8A8A-314041D10ADC} = {0B95F9C5-4F8B-44EB-8A8A-314041D10ADC}
		{C94E40FA-0D92-4DB3-8BB8-018BA17EF148} = {C94E40FA-0D92-4DB3-8BB8-018BA17EF148}
		{3636C22B-329A-489F-9DD6-17A3CA876F6A} = {3636C22B-329A-489F-9DD6-17A3CA876F6A}
		{A3C55541-3218-47E3-BE09-8DB35C8C02EA} = {A3C55541-3218-47E3-BE09-8DB35C8C02EA}
	EndProjectSection
EndProject
Project("{8BC9CEB8-8B4A-11D0-8D11-00A0C91BC942}") = "INSTALL", "INSTALL.vcxproj", "{D388EC65-11AB-4E20-85EE-D5707486BF14}"
	ProjectSection(ProjectDependencies) = postProject
		{E43F8BD0-EE03-4382-8F35-AA3AF223E370} = {E43F8BD0-EE03-4382-8F35-AA3AF223E370}
	EndProjectSection
EndProject
Project("{8BC9CEB8-8B4A-11D0-8D11-00A0C91BC942}") = "ZERO_CHECK", "ZERO_CHECK.vcxproj", "{E396DDF0-30F6-4151-AC5D-DFAD4647F4D9}"
	ProjectSection(ProjectDependencies) = postProject
	EndProjectSection
EndProject
Project("{8BC9CEB8-8B4A-11D0-8D11-00A0C91BC942}") = "accuracy", "tests\accuracy.vcxproj", "{E84578B8-029C-435D-915E-5F8C2D1D516D}"
	ProjectSection(ProjectDependencies) = postProject
		{E396DDF0-30F6-4151-AC5D-DFAD4647F4D9} = {E396DDF0-30F6-4151-AC5D-DFAD4647F4D9}
		{9F1AE77F-E446-4AE9-9C2C-2DF650D55241} = {9F1AE77F-E446-4AE9-9C2C-2DF650D55241}
	EndProjectSection
EndProject
Project("{8BC9CEB8-8B4A-11D0-8D11-00A0C91BC942}") = "boing", "examples\boing.vcxproj", "{48BA52F8-C166-4F1C-BEA4-66A49D600575}"
	ProjectSection(ProjectDependencies) = postProject
		{E396DDF0-30F6-4151-AC5D-DFAD4647F4D9} = {E396DDF0-30F6-4151-AC5D-DFAD4647F4D9}
		{9F1AE77F-E446-4AE9-9C2C-2DF650D55241} = {9F1AE77F-E446-4AE9-9C2C-2DF650D55241}
	EndProjectSection
EndProject
Project("{8BC9CEB8-8B4A-11D0-8D11-00A0C91BC942}") = "clipboard", "tests\clipboard.vcxproj", "{F2966E53-9ABA-40C9-AB9D-2BB86B5D5442}"
	ProjectSection(ProjectDependencies) = postProject
		{E396DDF0-30F6-4151-AC5D-DFAD4647F4D9} = {E396DDF0-30F6-4151-AC5D-DFAD4647F4D9}
		{9F1AE77F-E446-4AE9-9C2C-2DF650D55241} = {9F1AE77F-E446-4AE9-9C2C-2DF650D55241}
	EndProjectSection
EndProject
Project("{8BC9CEB8-8B4A-11D0-8D11-00A0C91BC942}") = "defaults", "tests\defaults.vcxproj", "{A84A7DF2-2E45-4887-87AC-F81EE4919D43}"
	ProjectSection(ProjectDependencies) = postProject
		{E396DDF0-30F6-4151-AC5D-DFAD4647F4D9} = {E396DDF0-30F6-4151-AC5D-DFAD4647F4D9}
		{9F1AE77F-E446-4AE9-9C2C-2DF650D55241} = {9F1AE77F-E446-4AE9-9C2C-2DF650D55241}
	EndProjectSection
EndProject
Project("{8BC9CEB8-8B4A-11D0-8D11-00A0C91BC942}") = "events", "tests\events.vcxproj", "{0D7AB2B7-0585-4044-BE6E-962F2F83E8D9}"
	ProjectSection(ProjectDependencies) = postProject
		{E396DDF0-30F6-4151-AC5D-DFAD4647F4D9} = {E396DDF0-30F6-4151-AC5D-DFAD4647F4D9}
		{9F1AE77F-E446-4AE9-9C2C-2DF650D55241} = {9F1AE77F-E446-4AE9-9C2C-2DF650D55241}
	EndProjectSection
EndProject
Project("{8BC9CEB8-8B4A-11D0-8D11-00A0C91BC942}") = "fsaa", "tests\fsaa.vcxproj", "{AFF5C079-54AF-4651-B3BB-B941163134DC}"
	ProjectSection(ProjectDependencies) = postProject
		{E396DDF0-30F6-4151-AC5D-DFAD4647F4D9} = {E396DDF0-30F6-4151-AC5D-DFAD4647F4D9}
		{9F1AE77F-E446-4AE9-9C2C-2DF650D55241} = {9F1AE77F-E446-4AE9-9C2C-2DF650D55241}
	EndProjectSection
EndProject
Project("{8BC9CEB8-8B4A-11D0-8D11-00A0C91BC942}") = "gamma", "tests\gamma.vcxproj", "{DB37E584-288E-4811-A362-773CB0FDAE09}"
	ProjectSection(ProjectDependencies) = postProject
		{E396DDF0-30F6-4151-AC5D-DFAD4647F4D9} = {E396DDF0-30F6-4151-AC5D-DFAD4647F4D9}
		{9F1AE77F-E446-4AE9-9C2C-2DF650D55241} = {9F1AE77F-E446-4AE9-9C2C-2DF650D55241}
	EndProjectSection
EndProject
Project("{8BC9CEB8-8B4A-11D0-8D11-00A0C91BC942}") = "gears", "examples\gears.vcxproj", "{B9395606-BEF8-4B90-A6CD-375624110FF3}"
	ProjectSection(ProjectDependencies) = postProject
		{E396DDF0-30F6-4151-AC5D-DFAD4647F4D9} = {E396DDF0-30F6-4151-AC5D-DFAD4647F4D9}
		{9F1AE77F-E446-4AE9-9C2C-2DF650D55241} = {9F1AE77F-E446-4AE9-9C2C-2DF650D55241}
	EndProjectSection
EndProject
Project("{8BC9CEB8-8B4A-11D0-8D11-00A0C91BC942}") = "glfw", "src\glfw.vcxproj", "{9F1AE77F-E446-4AE9-9C2C-2DF650D55241}"
	ProjectSection(ProjectDependencies) = postProject
		{E396DDF0-30F6-4151-AC5D-DFAD4647F4D9} = {E396DDF0-30F6-4151-AC5D-DFAD4647F4D9}
	EndProjectSection
EndProject
Project("{8BC9CEB8-8B4A-11D0-8D11-00A0C91BC942}") = "glfwinfo", "tests\glfwinfo.vcxproj", "{7F834191-05A2-46F7-9E37-BC5A7FC8DF73}"
	ProjectSection(ProjectDependencies) = postProject
		{E396DDF0-30F6-4151-AC5D-DFAD4647F4D9} = {E396DDF0-30F6-4151-AC5D-DFAD4647F4D9}
		{9F1AE77F-E446-4AE9-9C2C-2DF650D55241} = {9F1AE77F-E446-4AE9-9C2C-2DF650D55241}
	EndProjectSection
EndProject
Project("{8BC9CEB8-8B4A-11D0-8D11-00A0C91BC942}") = "heightmap", "examples\heightmap.vcxproj", "{0444F9BA-C3EA-443F-A74E-1321C00B2EBA}"
	ProjectSection(ProjectDependencies) = postProject
		{E396DDF0-30F6-4151-AC5D-DFAD4647F4D9} = {E396DDF0-30F6-4151-AC5D-DFAD4647F4D9}
		{9F1AE77F-E446-4AE9-9C2C-2DF650D55241} = {9F1AE77F-E446-4AE9-9C2C-2DF650D55241}
	EndProjectSection
EndProject
Project("{8BC9CEB8-8B4A-11D0-8D11-00A0C91BC942}") = "iconify", "tests\iconify.vcxproj", "{E22E51E1-048E-4184-A7EB-8EA47D851C44}"
	ProjectSection(ProjectDependencies) = postProject
		{E396DDF0-30F6-4151-AC5D-DFAD4647F4D9} = {E396DDF0-30F6-4151-AC5D-DFAD4647F4D9}
		{9F1AE77F-E446-4AE9-9C2C-2DF650D55241} = {9F1AE77F-E446-4AE9-9C2C-2DF650D55241}
	EndProjectSection
EndProject
Project("{8BC9CEB8-8B4A-11D0-8D11-00A0C91BC942}") = "joysticks", "tests\joysticks.vcxproj", "{AC3D1B47-D4F8-41A2-9161-AE541665F979}"
	ProjectSection(ProjectDependencies) = postProject
		{E396DDF0-30F6-4151-AC5D-DFAD4647F4D9} = {E396DDF0-30F6-4151-AC5D-DFAD4647F4D9}
		{9F1AE77F-E446-4AE9-9C2C-2DF650D55241} = {9F1AE77F-E446-4AE9-9C2C-2DF650D55241}
	EndProjectSection
EndProject
Project("{8BC9CEB8-8B4A-11D0-8D11-00A0C91BC942}") = "modes", "tests\modes.vcxproj", "{9B8CC571-42F2-4125-8D98-A6AB358279A5}"
	ProjectSection(ProjectDependencies) = postProject
		{E396DDF0-30F6-4151-AC5D-DFAD4647F4D9} = {E396DDF0-30F6-4151-AC5D-DFAD4647F4D9}
		{9F1AE77F-E446-4AE9-9C2C-2DF650D55241} = {9F1AE77F-E446-4AE9-9C2C-2DF650D55241}
	EndProjectSection
EndProject
Project("{8BC9CEB8-8B4A-11D0-8D11-00A0C91BC942}") = "peter", "tests\peter.vcxproj", "{D36C21EF-39F9-4907-B625-1373F1CBEDF7}"
	ProjectSection(ProjectDependencies) = postProject
		{E396DDF0-30F6-4151-AC5D-DFAD4647F4D9} = {E396DDF0-30F6-4151-AC5D-DFAD4647F4D9}
		{9F1AE77F-E446-4AE9-9C2C-2DF650D55241} = {9F1AE77F-E446-4AE9-9C2C-2DF650D55241}
	EndProjectSection
EndProject
Project("{8BC9CEB8-8B4A-11D0-8D11-00A0C91BC942}") = "reopen", "tests\reopen.vcxproj", "{0B722843-BDAD-465D-8552-4B7E1FC058E6}"
	ProjectSection(ProjectDependencies) = postProject
		{E396DDF0-30F6-4151-AC5D-DFAD4647F4D9} = {E396DDF0-30F6-4151-AC5D-DFAD4647F4D9}
		{9F1AE77F-E446-4AE9-9C2C-2DF650D55241} = {9F1AE77F-E446-4AE9-9C2C-2DF650D55241}
	EndProjectSection
EndProject
Project("{8BC9CEB8-8B4A-11D0-8D11-00A0C91BC942}") = "sharing", "tests\sharing.vcxproj", "{0B10EE9E-0F11-4137-9A0E-BBC25165E50E}"
	ProjectSection(ProjectDependencies) = postProject
		{E396DDF0-30F6-4151-AC5D-DFAD4647F4D9} = {E396DDF0-30F6-4151-AC5D-DFAD4647F4D9}
		{9F1AE77F-E446-4AE9-9C2C-2DF650D55241} = {9F1AE77F-E446-4AE9-9C2C-2DF650D55241}
	EndProjectSection
EndProject
Project("{8BC9CEB8-8B4A-11D0-8D11-00A0C91BC942}") = "simple", "examples\simple.vcxproj", "{71690F34-67BB-4DE7-8456-04E68349CB3B}"
	ProjectSection(ProjectDependencies) = postProject
		{E396DDF0-30F6-4151-AC5D-DFAD4647F4D9} = {E396DDF0-30F6-4151-AC5D-DFAD4647F4D9}
		{9F1AE77F-E446-4AE9-9C2C-2DF650D55241} = {9F1AE77F-E446-4AE9-9C2C-2DF650D55241}
	EndProjectSection
EndProject
Project("{8BC9CEB8-8B4A-11D0-8D11-00A0C91BC942}") = "splitview", "examples\splitview.vcxproj", "{76ACF529-EA7D-4B80-B7C9-39E284CA91A5}"
	ProjectSection(ProjectDependencies) = postProject
		{E396DDF0-30F6-4151-AC5D-DFAD4647F4D9} = {E396DDF0-30F6-4151-AC5D-DFAD4647F4D9}
		{9F1AE77F-E446-4AE9-9C2C-2DF650D55241} = {9F1AE77F-E446-4AE9-9C2C-2DF650D55241}
	EndProjectSection
EndProject
Project("{8BC9CEB8-8B4A-11D0-8D11-00A0C91BC942}") = "tearing", "tests\tearing.vcxproj", "{ED186A30-F0CB-4786-BD51-7F3FDA18A2D4}"
	ProjectSection(ProjectDependencies) = postProject
		{E396DDF0-30F6-4151-AC5D-DFAD4647F4D9} = {E396DDF0-30F6-4151-AC5D-DFAD4647F4D9}
		{9F1AE77F-E446-4AE9-9C2C-2DF650D55241} = {9F1AE77F-E446-4AE9-9C2C-2DF650D55241}
	EndProjectSection
EndProject
Project("{8BC9CEB8-8B4A-11D0-8D11-00A0C91BC942}") = "threads", "tests\threads.vcxproj", "{0B95F9C5-4F8B-44EB-8A8A-314041D10ADC}"
	ProjectSection(ProjectDependencies) = postProject
		{E396DDF0-30F6-4151-AC5D-DFAD4647F4D9} = {E396DDF0-30F6-4151-AC5D-DFAD4647F4D9}
		{9F1AE77F-E446-4AE9-9C2C-2DF650D55241} = {9F1AE77F-E446-4AE9-9C2C-2DF650D55241}
	EndProjectSection
EndProject
Project("{8BC9CEB8-8B4A-11D0-8D11-00A0C91BC942}") = "title", "tests\title.vcxproj", "{C94E40FA-0D92-4DB3-8BB8-018BA17EF148}"
	ProjectSection(ProjectDependencies) = postProject
		{E396DDF0-30F6-4151-AC5D-DFAD4647F4D9} = {E396DDF0-30F6-4151-AC5D-DFAD4647F4D9}
		{9F1AE77F-E446-4AE9-9C2C-2DF650D55241} = {9F1AE77F-E446-4AE9-9C2C-2DF650D55241}
	EndProjectSection
EndProject
Project("{8BC9CEB8-8B4A-11D0-8D11-00A0C91BC942}") = "uninstall", "uninstall.vcxproj", "{79E93EBF-BCA9-48ED-A2E7-566D0318E606}"
	ProjectSection(ProjectDependencies) = postProject
		{E396DDF0-30F6-4151-AC5D-DFAD4647F4D9} = {E396DDF0-30F6-4151-AC5D-DFAD4647F4D9}
	EndProjectSection
EndProject
Project("{8BC9CEB8-8B4A-11D0-8D11-00A0C91BC942}") = "wave", "examples\wave.vcxproj", "{3636C22B-329A-489F-9DD6-17A3CA876F6A}"
	ProjectSection(ProjectDependencies) = postProject
		{E396DDF0-30F6-4151-AC5D-DFAD4647F4D9} = {E396DDF0-30F6-4151-AC5D-DFAD4647F4D9}
		{9F1AE77F-E446-4AE9-9C2C-2DF650D55241} = {9F1AE77F-E446-4AE9-9C2C-2DF650D55241}
	EndProjectSection
EndProject
Project("{8BC9CEB8-8B4A-11D0-8D11-00A0C91BC942}") = "windows", "tests\windows.vcxproj", "{A3C55541-3218-47E3-BE09-8DB35C8C02EA}"
	ProjectSection(ProjectDependencies) = postProject
		{E396DDF0-30F6-4151-AC5D-DFAD4647F4D9} = {E396DDF0-30F6-4151-AC5D-DFAD4647F4D9}
		{9F1AE77F-E446-4AE9-9C2C-2DF650D55241} = {9F1AE77F-E446-4AE9-9C2C-2DF650D55241}
	EndProjectSection
EndProject
Global
	GlobalSection(SolutionConfigurationPlatforms) = preSolution
		Debug|Win32 = Debug|Win32
		Release|Win32 = Release|Win32
		MinSizeRel|Win32 = MinSizeRel|Win32
		RelWithDebInfo|Win32 = RelWithDebInfo|Win32
	EndGlobalSection
	GlobalSection(ProjectConfigurationPlatforms) = postSolution
		{E43F8BD0-EE03-4382-8F35-AA3AF223E370}.Debug|Win32.ActiveCfg = Debug|Win32
		{E43F8BD0-EE03-4382-8F35-AA3AF223E370}.Debug|Win32.Build.0 = Debug|Win32
		{E43F8BD0-EE03-4382-8F35-AA3AF223E370}.Release|Win32.ActiveCfg = Release|Win32
		{E43F8BD0-EE03-4382-8F35-AA3AF223E370}.Release|Win32.Build.0 = Release|Win32
		{E43F8BD0-EE03-4382-8F35-AA3AF223E370}.MinSizeRel|Win32.ActiveCfg = MinSizeRel|Win32
		{E43F8BD0-EE03-4382-8F35-AA3AF223E370}.MinSizeRel|Win32.Build.0 = MinSizeRel|Win32
		{E43F8BD0-EE03-4382-8F35-AA3AF223E370}.RelWithDebInfo|Win32.ActiveCfg = RelWithDebInfo|Win32
		{E43F8BD0-EE03-4382-8F35-AA3AF223E370}.RelWithDebInfo|Win32.Build.0 = RelWithDebInfo|Win32
		{D388EC65-11AB-4E20-85EE-D5707486BF14}.Debug|Win32.ActiveCfg = Debug|Win32
		{D388EC65-11AB-4E20-85EE-D5707486BF14}.Release|Win32.ActiveCfg = Release|Win32
		{D388EC65-11AB-4E20-85EE-D5707486BF14}.MinSizeRel|Win32.ActiveCfg = MinSizeRel|Win32
		{D388EC65-11AB-4E20-85EE-D5707486BF14}.RelWithDebInfo|Win32.ActiveCfg = RelWithDebInfo|Win32
		{E396DDF0-30F6-4151-AC5D-DFAD4647F4D9}.Debug|Win32.ActiveCfg = Debug|Win32
		{E396DDF0-30F6-4151-AC5D-DFAD4647F4D9}.Debug|Win32.Build.0 = Debug|Win32
		{E396DDF0-30F6-4151-AC5D-DFAD4647F4D9}.Release|Win32.ActiveCfg = Release|Win32
		{E396DDF0-30F6-4151-AC5D-DFAD4647F4D9}.Release|Win32.Build.0 = Release|Win32
		{E396DDF0-30F6-4151-AC5D-DFAD4647F4D9}.MinSizeRel|Win32.ActiveCfg = MinSizeRel|Win32
		{E396DDF0-30F6-4151-AC5D-DFAD4647F4D9}.MinSizeRel|Win32.Build.0 = MinSizeRel|Win32
		{E396DDF0-30F6-4151-AC5D-DFAD4647F4D9}.RelWithDebInfo|Win32.ActiveCfg = RelWithDebInfo|Win32
		{E396DDF0-30F6-4151-AC5D-DFAD4647F4D9}.RelWithDebInfo|Win32.Build.0 = RelWithDebInfo|Win32
		{E84578B8-029C-435D-915E-5F8C2D1D516D}.Debug|Win32.ActiveCfg = Debug|Win32
		{E84578B8-029C-435D-915E-5F8C2D1D516D}.Debug|Win32.Build.0 = Debug|Win32
		{E84578B8-029C-435D-915E-5F8C2D1D516D}.Release|Win32.ActiveCfg = Release|Win32
		{E84578B8-029C-435D-915E-5F8C2D1D516D}.Release|Win32.Build.0 = Release|Win32
		{E84578B8-029C-435D-915E-5F8C2D1D516D}.MinSizeRel|Win32.ActiveCfg = MinSizeRel|Win32
		{E84578B8-029C-435D-915E-5F8C2D1D516D}.MinSizeRel|Win32.Build.0 = MinSizeRel|Win32
		{E84578B8-029C-435D-915E-5F8C2D1D516D}.RelWithDebInfo|Win32.ActiveCfg = RelWithDebInfo|Win32
		{E84578B8-029C-435D-915E-5F8C2D1D516D}.RelWithDebInfo|Win32.Build.0 = RelWithDebInfo|Win32
		{48BA52F8-C166-4F1C-BEA4-66A49D600575}.Debug|Win32.ActiveCfg = Debug|Win32
		{48BA52F8-C166-4F1C-BEA4-66A49D600575}.Debug|Win32.Build.0 = Debug|Win32
		{48BA52F8-C166-4F1C-BEA4-66A49D600575}.Release|Win32.ActiveCfg = Release|Win32
		{48BA52F8-C166-4F1C-BEA4-66A49D600575}.Release|Win32.Build.0 = Release|Win32
		{48BA52F8-C166-4F1C-BEA4-66A49D600575}.MinSizeRel|Win32.ActiveCfg = MinSizeRel|Win32
		{48BA52F8-C166-4F1C-BEA4-66A49D600575}.MinSizeRel|Win32.Build.0 = MinSizeRel|Win32
		{48BA52F8-C166-4F1C-BEA4-66A49D600575}.RelWithDebInfo|Win32.ActiveCfg = RelWithDebInfo|Win32
		{48BA52F8-C166-4F1C-BEA4-66A49D600575}.RelWithDebInfo|Win32.Build.0 = RelWithDebInfo|Win32
		{F2966E53-9ABA-40C9-AB9D-2BB86B5D5442}.Debug|Win32.ActiveCfg = Debug|Win32
		{F2966E53-9ABA-40C9-AB9D-2BB86B5D5442}.Debug|Win32.Build.0 = Debug|Win32
		{F2966E53-9ABA-40C9-AB9D-2BB86B5D5442}.Release|Win32.ActiveCfg = Release|Win32
		{F2966E53-9ABA-40C9-AB9D-2BB86B5D5442}.Release|Win32.Build.0 = Release|Win32
		{F2966E53-9ABA-40C9-AB9D-2BB86B5D5442}.MinSizeRel|Win32.ActiveCfg = MinSizeRel|Win32
		{F2966E53-9ABA-40C9-AB9D-2BB86B5D5442}.MinSizeRel|Win32.Build.0 = MinSizeRel|Win32
		{F2966E53-9ABA-40C9-AB9D-2BB86B5D5442}.RelWithDebInfo|Win32.ActiveCfg = RelWithDebInfo|Win32
		{F2966E53-9ABA-40C9-AB9D-2BB86B5D5442}.RelWithDebInfo|Win32.Build.0 = RelWithDebInfo|Win32
		{A84A7DF2-2E45-4887-87AC-F81EE4919D43}.Debug|Win32.ActiveCfg = Debug|Win32
		{A84A7DF2-2E45-4887-87AC-F81EE4919D43}.Debug|Win32.Build.0 = Debug|Win32
		{A84A7DF2-2E45-4887-87AC-F81EE4919D43}.Release|Win32.ActiveCfg = Release|Win32
		{A84A7DF2-2E45-4887-87AC-F81EE4919D43}.Release|Win32.Build.0 = Release|Win32
		{A84A7DF2-2E45-4887-87AC-F81EE4919D43}.MinSizeRel|Win32.ActiveCfg = MinSizeRel|Win32
		{A84A7DF2-2E45-4887-87AC-F81EE4919D43}.MinSizeRel|Win32.Build.0 = MinSizeRel|Win32
		{A84A7DF2-2E45-4887-87AC-F81EE4919D43}.RelWithDebInfo|Win32.ActiveCfg = RelWithDebInfo|Win32
		{A84A7DF2-2E45-4887-87AC-F81EE4919D43}.RelWithDebInfo|Win32.Build.0 = RelWithDebInfo|Win32
		{0D7AB2B7-0585-4044-BE6E-962F2F83E8D9}.Debug|Win32.ActiveCfg = Debug|Win32
		{0D7AB2B7-0585-4044-BE6E-962F2F83E8D9}.Debug|Win32.Build.0 = Debug|Win32
		{0D7AB2B7-0585-4044-BE6E-962F2F83E8D9}.Release|Win32.ActiveCfg = Release|Win32
		{0D7AB2B7-0585-4044-BE6E-962F2F83E8D9}.Release|Win32.Build.0 = Release|Win32
		{0D7AB2B7-0585-4044-BE6E-962F2F83E8D9}.MinSizeRel|Win32.ActiveCfg = MinSizeRel|Win32
		{0D7AB2B7-0585-4044-BE6E-962F2F83E8D9}.MinSizeRel|Win32.Build.0 = MinSizeRel|Win32
		{0D7AB2B7-0585-4044-BE6E-962F2F83E8D9}.RelWithDebInfo|Win32.ActiveCfg = RelWithDebInfo|Win32
		{0D7AB2B7-0585-4044-BE6E-962F2F83E8D9}.RelWithDebInfo|Win32.Build.0 = RelWithDebInfo|Win32
		{AFF5C079-54AF-4651-B3BB-B941163134DC}.Debug|Win32.ActiveCfg = Debug|Win32
		{AFF5C079-54AF-4651-B3BB-B941163134DC}.Debug|Win32.Build.0 = Debug|Win32
		{AFF5C079-54AF-4651-B3BB-B941163134DC}.Release|Win32.ActiveCfg = Release|Win32
		{AFF5C079-54AF-4651-B3BB-B941163134DC}.Release|Win32.Build.0 = Release|Win32
		{AFF5C079-54AF-4651-B3BB-B941163134DC}.MinSizeRel|Win32.ActiveCfg = MinSizeRel|Win32
		{AFF5C079-54AF-4651-B3BB-B941163134DC}.MinSizeRel|Win32.Build.0 = MinSizeRel|Win32
		{AFF5C079-54AF-4651-B3BB-B941163134DC}.RelWithDebInfo|Win32.ActiveCfg = RelWithDebInfo|Win32
		{AFF5C079-54AF-4651-B3BB-B941163134DC}.RelWithDebInfo|Win32.Build.0 = RelWithDebInfo|Win32
		{DB37E584-288E-4811-A362-773CB0FDAE09}.Debug|Win32.ActiveCfg = Debug|Win32
		{DB37E584-288E-4811-A362-773CB0FDAE09}.Debug|Win32.Build.0 = Debug|Win32
		{DB37E584-288E-4811-A362-773CB0FDAE09}.Release|Win32.ActiveCfg = Release|Win32
		{DB37E584-288E-4811-A362-773CB0FDAE09}.Release|Win32.Build.0 = Release|Win32
		{DB37E584-288E-4811-A362-773CB0FDAE09}.MinSizeRel|Win32.ActiveCfg = MinSizeRel|Win32
		{DB37E584-288E-4811-A362-773CB0FDAE09}.MinSizeRel|Win32.Build.0 = MinSizeRel|Win32
		{DB37E584-288E-4811-A362-773CB0FDAE09}.RelWithDebInfo|Win32.ActiveCfg = RelWithDebInfo|Win32
		{DB37E584-288E-4811-A362-773CB0FDAE09}.RelWithDebInfo|Win32.Build.0 = RelWithDebInfo|Win32
		{B9395606-BEF8-4B90-A6CD-375624110FF3}.Debug|Win32.ActiveCfg = Debug|Win32
		{B9395606-BEF8-4B90-A6CD-375624110FF3}.Debug|Win32.Build.0 = Debug|Win32
		{B9395606-BEF8-4B90-A6CD-375624110FF3}.Release|Win32.ActiveCfg = Release|Win32
		{B9395606-BEF8-4B90-A6CD-375624110FF3}.Release|Win32.Build.0 = Release|Win32
		{B9395606-BEF8-4B90-A6CD-375624110FF3}.MinSizeRel|Win32.ActiveCfg = MinSizeRel|Win32
		{B9395606-BEF8-4B90-A6CD-375624110FF3}.MinSizeRel|Win32.Build.0 = MinSizeRel|Win32
		{B9395606-BEF8-4B90-A6CD-375624110FF3}.RelWithDebInfo|Win32.ActiveCfg = RelWithDebInfo|Win32
		{B9395606-BEF8-4B90-A6CD-375624110FF3}.RelWithDebInfo|Win32.Build.0 = RelWithDebInfo|Win32
		{9F1AE77F-E446-4AE9-9C2C-2DF650D55241}.Debug|Win32.ActiveCfg = Debug|Win32
		{9F1AE77F-E446-4AE9-9C2C-2DF650D55241}.Debug|Win32.Build.0 = Debug|Win32
		{9F1AE77F-E446-4AE9-9C2C-2DF650D55241}.Release|Win32.ActiveCfg = Release|Win32
		{9F1AE77F-E446-4AE9-9C2C-2DF650D55241}.Release|Win32.Build.0 = Release|Win32
		{9F1AE77F-E446-4AE9-9C2C-2DF650D55241}.MinSizeRel|Win32.ActiveCfg = MinSizeRel|Win32
		{9F1AE77F-E446-4AE9-9C2C-2DF650D55241}.MinSizeRel|Win32.Build.0 = MinSizeRel|Win32
		{9F1AE77F-E446-4AE9-9C2C-2DF650D55241}.RelWithDebInfo|Win32.ActiveCfg = RelWithDebInfo|Win32
		{9F1AE77F-E446-4AE9-9C2C-2DF650D55241}.RelWithDebInfo|Win32.Build.0 = RelWithDebInfo|Win32
		{7F834191-05A2-46F7-9E37-BC5A7FC8DF73}.Debug|Win32.ActiveCfg = Debug|Win32
		{7F834191-05A2-46F7-9E37-BC5A7FC8DF73}.Debug|Win32.Build.0 = Debug|Win32
		{7F834191-05A2-46F7-9E37-BC5A7FC8DF73}.Release|Win32.ActiveCfg = Release|Win32
		{7F834191-05A2-46F7-9E37-BC5A7FC8DF73}.Release|Win32.Build.0 = Release|Win32
		{7F834191-05A2-46F7-9E37-BC5A7FC8DF73}.MinSizeRel|Win32.ActiveCfg = MinSizeRel|Win32
		{7F834191-05A2-46F7-9E37-BC5A7FC8DF73}.MinSizeRel|Win32.Build.0 = MinSizeRel|Win32
		{7F834191-05A2-46F7-9E37-BC5A7FC8DF73}.RelWithDebInfo|Win32.ActiveCfg = RelWithDebInfo|Win32
		{7F834191-05A2-46F7-9E37-BC5A7FC8DF73}.RelWithDebInfo|Win32.Build.0 = RelWithDebInfo|Win32
		{0444F9BA-C3EA-443F-A74E-1321C00B2EBA}.Debug|Win32.ActiveCfg = Debug|Win32
		{0444F9BA-C3EA-443F-A74E-1321C00B2EBA}.Debug|Win32.Build.0 = Debug|Win32
		{0444F9BA-C3EA-443F-A74E-1321C00B2EBA}.Release|Win32.ActiveCfg = Release|Win32
		{0444F9BA-C3EA-443F-A74E-1321C00B2EBA}.Release|Win32.Build.0 = Release|Win32
		{0444F9BA-C3EA-443F-A74E-1321C00B2EBA}.MinSizeRel|Win32.ActiveCfg = MinSizeRel|Win32
		{0444F9BA-C3EA-443F-A74E-1321C00B2EBA}.MinSizeRel|Win32.Build.0 = MinSizeRel|Win32
		{0444F9BA-C3EA-443F-A74E-1321C00B2EBA}.RelWithDebInfo|Win32.ActiveCfg = RelWithDebInfo|Win32
		{0444F9BA-C3EA-443F-A74E-1321C00B2EBA}.RelWithDebInfo|Win32.Build.0 = RelWithDebInfo|Win32
		{E22E51E1-048E-4184-A7EB-8EA47D851C44}.Debug|Win32.ActiveCfg = Debug|Win32
		{E22E51E1-048E-4184-A7EB-8EA47D851C44}.Debug|Win32.Build.0 = Debug|Win32
		{E22E51E1-048E-4184-A7EB-8EA47D851C44}.Release|Win32.ActiveCfg = Release|Win32
		{E22E51E1-048E-4184-A7EB-8EA47D851C44}.Release|Win32.Build.0 = Release|Win32
		{E22E51E1-048E-4184-A7EB-8EA47D851C44}.MinSizeRel|Win32.ActiveCfg = MinSizeRel|Win32
		{E22E51E1-048E-4184-A7EB-8EA47D851C44}.MinSizeRel|Win32.Build.0 = MinSizeRel|Win32
		{E22E51E1-048E-4184-A7EB-8EA47D851C44}.RelWithDebInfo|Win32.ActiveCfg = RelWithDebInfo|Win32
		{E22E51E1-048E-4184-A7EB-8EA47D851C44}.RelWithDebInfo|Win32.Build.0 = RelWithDebInfo|Win32
		{AC3D1B47-D4F8-41A2-9161-AE541665F979}.Debug|Win32.ActiveCfg = Debug|Win32
		{AC3D1B47-D4F8-41A2-9161-AE541665F979}.Debug|Win32.Build.0 = Debug|Win32
		{AC3D1B47-D4F8-41A2-9161-AE541665F979}.Release|Win32.ActiveCfg = Release|Win32
		{AC3D1B47-D4F8-41A2-9161-AE541665F979}.Release|Win32.Build.0 = Release|Win32
		{AC3D1B47-D4F8-41A2-9161-AE541665F979}.MinSizeRel|Win32.ActiveCfg = MinSizeRel|Win32
		{AC3D1B47-D4F8-41A2-9161-AE541665F979}.MinSizeRel|Win32.Build.0 = MinSizeRel|Win32
		{AC3D1B47-D4F8-41A2-9161-AE541665F979}.RelWithDebInfo|Win32.ActiveCfg = RelWithDebInfo|Win32
		{AC3D1B47-D4F8-41A2-9161-AE541665F979}.RelWithDebInfo|Win32.Build.0 = RelWithDebInfo|Win32
		{9B8CC571-42F2-4125-8D98-A6AB358279A5}.Debug|Win32.ActiveCfg = Debug|Win32
		{9B8CC571-42F2-4125-8D98-A6AB358279A5}.Debug|Win32.Build.0 = Debug|Win32
		{9B8CC571-42F2-4125-8D98-A6AB358279A5}.Release|Win32.ActiveCfg = Release|Win32
		{9B8CC571-42F2-4125-8D98-A6AB358279A5}.Release|Win32.Build.0 = Release|Win32
		{9B8CC571-42F2-4125-8D98-A6AB358279A5}.MinSizeRel|Win32.ActiveCfg = MinSizeRel|Win32
		{9B8CC571-42F2-4125-8D98-A6AB358279A5}.MinSizeRel|Win32.Build.0 = MinSizeRel|Win32
		{9B8CC571-42F2-4125-8D98-A6AB358279A5}.RelWithDebInfo|Win32.ActiveCfg = RelWithDebInfo|Win32
		{9B8CC571-42F2-4125-8D98-A6AB358279A5}.RelWithDebInfo|Win32.Build.0 = RelWithDebInfo|Win32
		{D36C21EF-39F9-4907-B625-1373F1CBEDF7}.Debug|Win32.ActiveCfg = Debug|Win32
		{D36C21EF-39F9-4907-B625-1373F1CBEDF7}.Debug|Win32.Build.0 = Debug|Win32
		{D36C21EF-39F9-4907-B625-1373F1CBEDF7}.Release|Win32.ActiveCfg = Release|Win32
		{D36C21EF-39F9-4907-B625-1373F1CBEDF7}.Release|Win32.Build.0 = Release|Win32
		{D36C21EF-39F9-4907-B625-1373F1CBEDF7}.MinSizeRel|Win32.ActiveCfg = MinSizeRel|Win32
		{D36C21EF-39F9-4907-B625-1373F1CBEDF7}.MinSizeRel|Win32.Build.0 = MinSizeRel|Win32
		{D36C21EF-39F9-4907-B625-1373F1CBEDF7}.RelWithDebInfo|Win32.ActiveCfg = RelWithDebInfo|Win32
		{D36C21EF-39F9-4907-B625-1373F1CBEDF7}.RelWithDebInfo|Win32.Build.0 = RelWithDebInfo|Win32
		{0B722843-BDAD-465D-8552-4B7E1FC058E6}.Debug|Win32.ActiveCfg = Debug|Win32
		{0B722843-BDAD-465D-8552-4B7E1FC058E6}.Debug|Win32.Build.0 = Debug|Win32
		{0B722843-BDAD-465D-8552-4B7E1FC058E6}.Release|Win32.ActiveCfg = Release|Win32
		{0B722843-BDAD-465D-8552-4B7E1FC058E6}.Release|Win32.Build.0 = Release|Win32
		{0B722843-BDAD-465D-8552-4B7E1FC058E6}.MinSizeRel|Win32.ActiveCfg = MinSizeRel|Win32
		{0B722843-BDAD-465D-8552-4B7E1FC058E6}.MinSizeRel|Win32.Build.0 = MinSizeRel|Win32
		{0B722843-BDAD-465D-8552-4B7E1FC058E6}.RelWithDebInfo|Win32.ActiveCfg = RelWithDebInfo|Win32
		{0B722843-BDAD-465D-8552-4B7E1FC058E6}.RelWithDebInfo|Win32.Build.0 = RelWithDebInfo|Win32
		{0B10EE9E-0F11-4137-9A0E-BBC25165E50E}.Debug|Win32.ActiveCfg = Debug|Win32
		{0B10EE9E-0F11-4137-9A0E-BBC25165E50E}.Debug|Win32.Build.0 = Debug|Win32
		{0B10EE9E-0F11-4137-9A0E-BBC25165E50E}.Release|Win32.ActiveCfg = Release|Win32
		{0B10EE9E-0F11-4137-9A0E-BBC25165E50E}.Release|Win32.Build.0 = Release|Win32
		{0B10EE9E-0F11-4137-9A0E-BBC25165E50E}.MinSizeRel|Win32.ActiveCfg = MinSizeRel|Win32
		{0B10EE9E-0F11-4137-9A0E-BBC25165E50E}.MinSizeRel|Win32.Build.0 = MinSizeRel|Win32
		{0B10EE9E-0F11-4137-9A0E-BBC25165E50E}.RelWithDebInfo|Win32.ActiveCfg = RelWithDebInfo|Win32
		{0B10EE9E-0F11-4137-9A0E-BBC25165E50E}.RelWithDebInfo|Win32.Build.0 = RelWithDebInfo|Win32
		{71690F34-67BB-4DE7-8456-04E68349CB3B}.Debug|Win32.ActiveCfg = Debug|Win32
		{71690F34-67BB-4DE7-8456-04E68349CB3B}.Debug|Win32.Build.0 = Debug|Win32
		{71690F34-67BB-4DE7-8456-04E68349CB3B}.Release|Win32.ActiveCfg = Release|Win32
		{71690F34-67BB-4DE7-8456-04E68349CB3B}.Release|Win32.Build.0 = Release|Win32
		{71690F34-67BB-4DE7-8456-04E68349CB3B}.MinSizeRel|Win32.ActiveCfg = MinSizeRel|Win32
		{71690F34-67BB-4DE7-8456-04E68349CB3B}.MinSizeRel|Win32.Build.0 = MinSizeRel|Win32
		{71690F34-67BB-4DE7-8456-04E68349CB3B}.RelWithDebInfo|Win32.ActiveCfg = RelWithDebInfo|Win32
		{71690F34-67BB-4DE7-8456-04E68349CB3B}.RelWithDebInfo|Win32.Build.0 = RelWithDebInfo|Win32
		{76ACF529-EA7D-4B80-B7C9-39E284CA91A5}.Debug|Win32.ActiveCfg = Debug|Win32
		{76ACF529-EA7D-4B80-B7C9-39E284CA91A5}.Debug|Win32.Build.0 = Debug|Win32
		{76ACF529-EA7D-4B80-B7C9-39E284CA91A5}.Release|Win32.ActiveCfg = Release|Win32
		{76ACF529-EA7D-4B80-B7C9-39E284CA91A5}.Release|Win32.Build.0 = Release|Win32
		{76ACF529-EA7D-4B80-B7C9-39E284CA91A5}.MinSizeRel|Win32.ActiveCfg = MinSizeRel|Win32
		{76ACF529-EA7D-4B80-B7C9-39E284CA91A5}.MinSizeRel|Win32.Build.0 = MinSizeRel|Win32
		{76ACF529-EA7D-4B80-B7C9-39E284CA91A5}.RelWithDebInfo|Win32.ActiveCfg = RelWithDebInfo|Win32
		{76ACF529-EA7D-4B80-B7C9-39E284CA91A5}.RelWithDebInfo|Win32.Build.0 = RelWithDebInfo|Win32
		{ED186A30-F0CB-4786-BD51-7F3FDA18A2D4}.Debug|Win32.ActiveCfg = Debug|Win32
		{ED186A30-F0CB-4786-BD51-7F3FDA18A2D4}.Debug|Win32.Build.0 = Debug|Win32
		{ED186A30-F0CB-4786-BD51-7F3FDA18A2D4}.Release|Win32.ActiveCfg = Release|Win32
		{ED186A30-F0CB-4786-BD51-7F3FDA18A2D4}.Release|Win32.Build.0 = Release|Win32
		{ED186A30-F0CB-4786-BD51-7F3FDA18A2D4}.MinSizeRel|Win32.ActiveCfg = MinSizeRel|Win32
		{ED186A30-F0CB-4786-BD51-7F3FDA18A2D4}.MinSizeRel|Win32.Build.0 = MinSizeRel|Win32
		{ED186A30-F0CB-4786-BD51-7F3FDA18A2D4}.RelWithDebInfo|Win32.ActiveCfg = RelWithDebInfo|Win32
		{ED186A30-F0CB-4786-BD51-7F3FDA18A2D4}.RelWithDebInfo|Win32.Build.0 = RelWithDebInfo|Win32
		{0B95F9C5-4F8B-44EB-8A8A-314041D10ADC}.Debug|Win32.ActiveCfg = Debug|Win32
		{0B95F9C5-4F8B-44EB-8A8A-314041D10ADC}.Debug|Win32.Build.0 = Debug|Win32
		{0B95F9C5-4F8B-44EB-8A8A-314041D10ADC}.Release|Win32.ActiveCfg = Release|Win32
		{0B95F9C5-4F8B-44EB-8A8A-314041D10ADC}.Release|Win32.Build.0 = Release|Win32
		{0B95F9C5-4F8B-44EB-8A8A-314041D10ADC}.MinSizeRel|Win32.ActiveCfg = MinSizeRel|Win32
		{0B95F9C5-4F8B-44EB-8A8A-314041D10ADC}.MinSizeRel|Win32.Build.0 = MinSizeRel|Win32
		{0B95F9C5-4F8B-44EB-8A8A-314041D10ADC}.RelWithDebInfo|Win32.ActiveCfg = RelWithDebInfo|Win32
		{0B95F9C5-4F8B-44EB-8A8A-314041D10ADC}.RelWithDebInfo|Win32.Build.0 = RelWithDebInfo|Win32
		{C94E40FA-0D92-4DB3-8BB8-018BA17EF148}.Debug|Win32.ActiveCfg = Debug|Win32
		{C94E40FA-0D92-4DB3-8BB8-018BA17EF148}.Debug|Win32.Build.0 = Debug|Win32
		{C94E40FA-0D92-4DB3-8BB8-018BA17EF148}.Release|Win32.ActiveCfg = Release|Win32
		{C94E40FA-0D92-4DB3-8BB8-018BA17EF148}.Release|Win32.Build.0 = Release|Win32
		{C94E40FA-0D92-4DB3-8BB8-018BA17EF148}.MinSizeRel|Win32.ActiveCfg = MinSizeRel|Win32
		{C94E40FA-0D92-4DB3-8BB8-018BA17EF148}.MinSizeRel|Win32.Build.0 = MinSizeRel|Win32
		{C94E40FA-0D92-4DB3-8BB8-018BA17EF148}.RelWithDebInfo|Win32.ActiveCfg = RelWithDebInfo|Win32
		{C94E40FA-0D92-4DB3-8BB8-018BA17EF148}.RelWithDebInfo|Win32.Build.0 = RelWithDebInfo|Win32
		{79E93EBF-BCA9-48ED-A2E7-566D0318E606}.Debug|Win32.ActiveCfg = Debug|Win32
		{79E93EBF-BCA9-48ED-A2E7-566D0318E606}.Release|Win32.ActiveCfg = Release|Win32
		{79E93EBF-BCA9-48ED-A2E7-566D0318E606}.MinSizeRel|Win32.ActiveCfg = MinSizeRel|Win32
		{79E93EBF-BCA9-48ED-A2E7-566D0318E606}.RelWithDebInfo|Win32.ActiveCfg = RelWithDebInfo|Win32
		{3636C22B-329A-489F-9DD6-17A3CA876F6A}.Debug|Win32.ActiveCfg = Debug|Win32
		{3636C22B-329A-489F-9DD6-17A3CA876F6A}.Debug|Win32.Build.0 = Debug|Win32
		{3636C22B-329A-489F-9DD6-17A3CA876F6A}.Release|Win32.ActiveCfg = Release|Win32
		{3636C22B-329A-489F-9DD6-17A3CA876F6A}.Release|Win32.Build.0 = Release|Win32
		{3636C22B-329A-489F-9DD6-17A3CA876F6A}.MinSizeRel|Win32.ActiveCfg = MinSizeRel|Win32
		{3636C22B-329A-489F-9DD6-17A3CA876F6A}.MinSizeRel|Win32.Build.0 = MinSizeRel|Win32
		{3636C22B-329A-489F-9DD6-17A3CA876F6A}.RelWithDebInfo|Win32.ActiveCfg = RelWithDebInfo|Win32
		{3636C22B-329A-489F-9DD6-17A3CA876F6A}.RelWithDebInfo|Win32.Build.0 = RelWithDebInfo|Win32
		{A3C55541-3218-47E3-BE09-8DB35C8C02EA}.Debug|Win32.ActiveCfg = Debug|Win32
		{A3C55541-3218-47E3-BE09-8DB35C8C02EA}.Debug|Win32.Build.0 = Debug|Win32
		{A3C55541-3218-47E3-BE09-8DB35C8C02EA}.Release|Win32.ActiveCfg = Release|Win32
		{A3C55541-3218-47E3-BE09-8DB35C8C02EA}.Release|Win32.Build.0 = Release|Win32
		{A3C55541-3218-47E3-BE09-8DB35C8C02EA}.MinSizeRel|Win32.ActiveCfg = MinSizeRel|Win32
		{A3C55541-3218-47E3-BE09-8DB35C8C02EA}.MinSizeRel|Win32.Build.0 = MinSizeRel|Win32
		{A3C55541-3218-47E3-BE09-8DB35C8C02EA}.RelWithDebInfo|Win32.ActiveCfg = RelWithDebInfo|Win32
		{A3C55541-3218-47E3-BE09-8DB35C8C02EA}.RelWithDebInfo|Win32.Build.0 = RelWithDebInfo|Win32
	EndGlobalSection
	GlobalSection(ExtensibilityGlobals) = postSolution
	EndGlobalSection
	GlobalSection(ExtensibilityAddIns) = postSolution
	EndGlobalSection
EndGlobal
